
Microsoft Visual Studio Solution File, Format Version 12.00
# Visual Studio 15
VisualStudioVersion = 15.0.26730.12
MinimumVisualStudioVersion = 10.0.40219.1
Project("{FAE04EC0-301F-11D3-BF4B-00C04F79EFBC}") = "RectaPendiente", "RectaPendiente\RectaPendiente.csproj", "{0E49F22F-DE97-4C84-B6DD-73DD8301BE1A}"
EndProject
Global
	GlobalSection(SolutionConfigurationPlatforms) = preSolution
		Debug|x86 = Debug|x86
		Release|x86 = Release|x86
	EndGlobalSection
	GlobalSection(ProjectConfigurationPlatforms) = postSolution
		{0E49F22F-DE97-4C84-B6DD-73DD8301BE1A}.Debug|x86.ActiveCfg = Debug|x86
		{0E49F22F-DE97-4C84-B6DD-73DD8301BE1A}.Debug|x86.Build.0 = Debug|x86
		{0E49F22F-DE97-4C84-B6DD-73DD8301BE1A}.Release|x86.ActiveCfg = Release|x86
		{0E49F22F-DE97-4C84-B6DD-73DD8301BE1A}.Release|x86.Build.0 = Release|x86
	EndGlobalSection
	GlobalSection(SolutionProperties) = preSolution
		HideSolutionNode = FALSE
	EndGlobalSection
	GlobalSection(ExtensibilityGlobals) = postSolution
		SolutionGuid = {92958FBF-38DF-48A5-A6B4-3B5FC0F5EE0C}
	EndGlobalSection
EndGlobal
